
Microsoft Visual Studio Solution File, Format Version 10.00
# Visual Studio 2008
Project("{FAE04EC0-301F-11D3-BF4B-00C04F79EFBC}") = "RcMap.Tasks", "RcMap.Tasks.csproj", "{128EF187-CEDF-436D-8BEF-CFC36CBCD520}"
EndProject
Project("{FAE04EC0-301F-11D3-BF4B-00C04F79EFBC}") = "RcMap.Core", "..\RcMap.Core\RcMap.Core.csproj", "{29D52186-F6F3-4AF1-92D4-DFD904B59A96}"
EndProject
Project("{FAE04EC0-301F-11D3-BF4B-00C04F79EFBC}") = "RcMap.Model", "..\RcMap.Model\RcMap.Model.csproj", "{CCD016CE-E8E0-41B5-B01C-CB0AF1E0A696}"
EndProject
Global
	GlobalSection(SolutionConfigurationPlatforms) = preSolution
		Debug|Any CPU = Debug|Any CPU
		Release|Any CPU = Release|Any CPU
	EndGlobalSection
	GlobalSection(ProjectConfigurationPlatforms) = postSolution
		{128EF187-CEDF-436D-8BEF-CFC36CBCD520}.Debug|Any CPU.ActiveCfg = Debug|Any CPU
		{128EF187-CEDF-436D-8BEF-CFC36CBCD520}.Debug|Any CPU.Build.0 = Debug|Any CPU
		{128EF187-CEDF-436D-8BEF-CFC36CBCD520}.Release|Any CPU.ActiveCfg = Release|Any CPU
		{128EF187-CEDF-436D-8BEF-CFC36CBCD520}.Release|Any CPU.Build.0 = Release|Any CPU
		{29D52186-F6F3-4AF1-92D4-DFD904B59A96}.Debug|Any CPU.ActiveCfg = Debug|Any CPU
		{29D52186-F6F3-4AF1-92D4-DFD904B59A96}.Debug|Any CPU.Build.0 = Debug|Any CPU
		{29D52186-F6F3-4AF1-92D4-DFD904B59A96}.Release|Any CPU.ActiveCfg = Release|Any CPU
		{29D52186-F6F3-4AF1-92D4-DFD904B59A96}.Release|Any CPU.Build.0 = Release|Any CPU
		{CCD016CE-E8E0-41B5-B01C-CB0AF1E0A696}.Debug|Any CPU.ActiveCfg = Debug|Any CPU
		{CCD016CE-E8E0-41B5-B01C-CB0AF1E0A696}.Debug|Any CPU.Build.0 = Debug|Any CPU
		{CCD016CE-E8E0-41B5-B01C-CB0AF1E0A696}.Release|Any CPU.ActiveCfg = Release|Any CPU
		{CCD016CE-E8E0-41B5-B01C-CB0AF1E0A696}.Release|Any CPU.Build.0 = Release|Any CPU
	EndGlobalSection
	GlobalSection(SolutionProperties) = preSolution
		HideSolutionNode = FALSE
	EndGlobalSection
EndGlobal
